// !$*UTF8*$!
{
	archiveVersion = 1;
	classes = {
	};
	objectVersion = 46;
	objects = {

/* Begin PBXBuildFile section */
		CD4A3B571EF1E14000B1D7E8 /* StickerPackExtension.appex in Embed App Extensions */ = {isa = PBXBuildFile; fileRef = CD4A3B561EF1E14000B1D7E8 /* StickerPackExtension.appex */; settings = {ATTRIBUTES = (RemoveHeadersOnCopy, ); }; };
		CD4A3B5B1EF1E14000B1D7E8 /* Stickers.xcstickers in Resources */ = {isa = PBXBuildFile; fileRef = CD4A3B5A1EF1E14000B1D7E8 /* Stickers.xcstickers */; };
		CD4A3B5C1EF1E14000B1D7E8 /* Stickers.xcstickers in Resources */ = {isa = PBXBuildFile; fileRef = CD4A3B5A1EF1E14000B1D7E8 /* Stickers.xcstickers */; };
/* End PBXBuildFile section */

/* Begin PBXContainerItemProxy section */
		CD4A3B581EF1E14000B1D7E8 /* PBXContainerItemProxy */ = {
			isa = PBXContainerItemProxy;
			containerPortal = CD4A3B4C1EF1E14000B1D7E8 /* Project object */;
			proxyType = 1;
			remoteGlobalIDString = CD4A3B551EF1E14000B1D7E8;
			remoteInfo = StickerPackExtension;
		};
/* End PBXContainerItemProxy section */

/* Begin PBXCopyFilesBuildPhase section */
		CD4A3B621EF1E14000B1D7E8 /* Embed App Extensions */ = {
			isa = PBXCopyFilesBuildPhase;
			buildActionMask = 2147483647;
			dstPath = "";
			dstSubfolderSpec = 13;
			files = (
				CD4A3B571EF1E14000B1D7E8 /* StickerPackExtension.appex in Embed App Extensions */,
			);
			name = "Embed App Extensions";
			runOnlyForDeploymentPostprocessing = 0;
		};
/* End PBXCopyFilesBuildPhase section */

/* Begin PBXFileReference section */
		CD4A3B521EF1E14000B1D7E8 /* RWPeeps.app */ = {isa = PBXFileReference; explicitFileType = wrapper.application; includeInIndex = 0; path = RWPeeps.app; sourceTree = BUILT_PRODUCTS_DIR; };
		CD4A3B561EF1E14000B1D7E8 /* StickerPackExtension.appex */ = {isa = PBXFileReference; explicitFileType = "wrapper.app-extension"; includeInIndex = 0; path = StickerPackExtension.appex; sourceTree = BUILT_PRODUCTS_DIR; };
		CD4A3B5A1EF1E14000B1D7E8 /* Stickers.xcstickers */ = {isa = PBXFileReference; lastKnownFileType = folder.stickers; name = Stickers.xcstickers; path = StickerPackExtension/Stickers.xcstickers; sourceTree = "<group>"; };
/* End PBXFileReference section */

/* Begin PBXGroup section */
		CD4A3B4B1EF1E14000B1D7E8 = {
			isa = PBXGroup;
			children = (
				CD4A3B5A1EF1E14000B1D7E8 /* Stickers.xcstickers */,
				CD4A3B531EF1E14000B1D7E8 /* Products */,
			);
			sourceTree = "<group>";
		};
		CD4A3B531EF1E14000B1D7E8 /* Products */ = {
			isa = PBXGroup;
			children = (
				CD4A3B521EF1E14000B1D7E8 /* RWPeeps.app */,
				CD4A3B561EF1E14000B1D7E8 /* StickerPackExtension.appex */,
			);
			name = Products;
			sourceTree = "<group>";
		};
/* End PBXGroup section */

/* Begin PBXNativeTarget section */
		CD4A3B511EF1E14000B1D7E8 /* RWPeeps */ = {
			isa = PBXNativeTarget;
			buildConfigurationList = CD4A3B631EF1E14000B1D7E8 /* Build configuration list for PBXNativeTarget "RWPeeps" */;
			buildPhases = (
				CD4A3B501EF1E14000B1D7E8 /* Resources */,
				CD4A3B621EF1E14000B1D7E8 /* Embed App Extensions */,
			);
			buildRules = (
			);
			dependencies = (
				CD4A3B591EF1E14000B1D7E8 /* PBXTargetDependency */,
			);
			name = RWPeeps;
			productName = RWPeeps;
			productReference = CD4A3B521EF1E14000B1D7E8 /* RWPeeps.app */;
			productType = "com.apple.product-type.application.messages";
		};
		CD4A3B551EF1E14000B1D7E8 /* StickerPackExtension */ = {
			isa = PBXNativeTarget;
			buildConfigurationList = CD4A3B5F1EF1E14000B1D7E8 /* Build configuration list for PBXNativeTarget "StickerPackExtension" */;
			buildPhases = (
				CD4A3B541EF1E14000B1D7E8 /* Resources */,
			);
			buildRules = (
			);
			dependencies = (
			);
			name = StickerPackExtension;
			productName = StickerPackExtension;
			productReference = CD4A3B561EF1E14000B1D7E8 /* StickerPackExtension.appex */;
			productType = "com.apple.product-type.app-extension.messages-sticker-pack";
		};
/* End PBXNativeTarget section */

/* Begin PBXProject section */
		CD4A3B4C1EF1E14000B1D7E8 /* Project object */ = {
			isa = PBXProject;
			attributes = {
				LastUpgradeCheck = 0830;
				ORGANIZATIONNAME = "Norman Lopez";
				TargetAttributes = {
					CD4A3B511EF1E14000B1D7E8 = {
						CreatedOnToolsVersion = 8.3.2;
						DevelopmentTeam = M569N7RGY6;
						ProvisioningStyle = Automatic;
					};
					CD4A3B551EF1E14000B1D7E8 = {
						CreatedOnToolsVersion = 8.3.2;
						DevelopmentTeam = M569N7RGY6;
						ProvisioningStyle = Automatic;
					};
				};
			};
			buildConfigurationList = CD4A3B4F1EF1E14000B1D7E8 /* Build configuration list for PBXProject "RWPeeps" */;
			compatibilityVersion = "Xcode 3.2";
			developmentRegion = English;
			hasScannedForEncodings = 0;
			knownRegions = (
				en,
			);
			mainGroup = CD4A3B4B1EF1E14000B1D7E8;
			productRefGroup = CD4A3B531EF1E14000B1D7E8 /* Products */;
			projectDirPath = "";
			projectRoot = "";
			targets = (
				CD4A3B511EF1E14000B1D7E8 /* RWPeeps */,
				CD4A3B551EF1E14000B1D7E8 /* StickerPackExtension */,
			);
		};
/* End PBXProject section */

/* Begin PBXResourcesBuildPhase section */
		CD4A3B501EF1E14000B1D7E8 /* Resources */ = {
			isa = PBXResourcesBuildPhase;
			buildActionMask = 2147483647;
			files = (
				CD4A3B5C1EF1E14000B1D7E8 /* Stickers.xcstickers in Resources */,
			);
			runOnlyForDeploymentPostprocessing = 0;
		};
		CD4A3B541EF1E14000B1D7E8 /* Resources */ = {
			isa = PBXResourcesBuildPhase;
			buildActionMask = 2147483647;
			files = (
				CD4A3B5B1EF1E14000B1D7E8 /* Stickers.xcstickers in Resources */,
			);
			runOnlyForDeploymentPostprocessing = 0;
		};
/* End PBXResourcesBuildPhase section */

/* Begin PBXTargetDependency section */
		CD4A3B591EF1E14000B1D7E8 /* PBXTargetDependency */ = {
			isa = PBXTargetDependency;
			target = CD4A3B551EF1E14000B1D7E8 /* StickerPackExtension */;
			targetProxy = CD4A3B581EF1E14000B1D7E8 /* PBXContainerItemProxy */;
		};
/* End PBXTargetDependency section */

/* Begin XCBuildConfiguration section */
		CD4A3B5D1EF1E14000B1D7E8 /* Debug */ = {
			isa = XCBuildConfiguration;
			buildSettings = {
				ALWAYS_SEARCH_USER_PATHS = NO;
				CLANG_ANALYZER_NONNULL = YES;
				CLANG_ANALYZER_NUMBER_OBJECT_CONVERSION = YES_AGGRESSIVE;
				CLANG_CXX_LANGUAGE_STANDARD = "gnu++0x";
				CLANG_CXX_LIBRARY = "libc++";
				CLANG_ENABLE_MODULES = YES;
				CLANG_ENABLE_OBJC_ARC = YES;
				CLANG_WARN_BOOL_CONVERSION = YES;
				CLANG_WARN_CONSTANT_CONVERSION = YES;
				CLANG_WARN_DIRECT_OBJC_ISA_USAGE = YES_ERROR;
				CLANG_WARN_DOCUMENTATION_COMMENTS = YES;
				CLANG_WARN_EMPTY_BODY = YES;
				CLANG_WARN_ENUM_CONVERSION = YES;
				CLANG_WARN_INFINITE_RECURSION = YES;
				CLANG_WARN_INT_CONVERSION = YES;
				CLANG_WARN_OBJC_ROOT_CLASS = YES_ERROR;
				CLANG_WARN_SUSPICIOUS_MOVE = YES;
				CLANG_WARN_UNREACHABLE_CODE = YES;
				CLANG_WARN__DUPLICATE_METHOD_MATCH = YES;
				"CODE_SIGN_IDENTITY[sdk=iphoneos*]" = "iPhone Developer";
				COPY_PHASE_STRIP = NO;
				DEBUG_INFORMATION_FORMAT = dwarf;
				ENABLE_STRICT_OBJC_MSGSEND = YES;
				ENABLE_TESTABILITY = YES;
				GCC_C_LANGUAGE_STANDARD = gnu99;
				GCC_DYNAMIC_NO_PIC = NO;
				GCC_NO_COMMON_BLOCKS = YES;
				GCC_OPTIMIZATION_LEVEL = 0;
				GCC_PREPROCESSOR_DEFINITIONS = (
					"DEBUG=1",
					"$(inherited)",
				);
				GCC_WARN_64_TO_32_BIT_CONVERSION = YES;
				GCC_WARN_ABOUT_RETURN_TYPE = YES_ERROR;
				GCC_WARN_UNDECLARED_SELECTOR = YES;
				GCC_WARN_UNINITIALIZED_AUTOS = YES_AGGRESSIVE;
				GCC_WARN_UNUSED_FUNCTION = YES;
				GCC_WARN_UNUSED_VARIABLE = YES;
				IPHONEOS_DEPLOYMENT_TARGET = 10.3;
				MTL_ENABLE_DEBUG_INFO = YES;
				ONLY_ACTIVE_ARCH = YES;
				SDKROOT = iphoneos;
				TARGETED_DEVICE_FAMILY = "1,2";
			};
			name = Debug;
		};
		CD4A3B5E1EF1E14000B1D7E8 /* Release */ = {
			isa = XCBuildConfiguration;
			buildSettings = {
				ALWAYS_SEARCH_USER_PATHS = NO;
				CLANG_ANALYZER_NONNULL = YES;
				CLANG_ANALYZER_NUMBER_OBJECT_CONVERSION = YES_AGGRESSIVE;
				CLANG_CXX_LANGUAGE_STANDARD = "gnu++0x";
				CLANG_CXX_LIBRARY = "libc++";
				CLANG_ENABLE_MODULES = YES;
				CLANG_ENABLE_OBJC_ARC = YES;
				CLANG_WARN_BOOL_CONVERSION = YES;
				CLANG_WARN_CONSTANT_CONVERSION = YES;
				CLANG_WARN_DIRECT_OBJC_ISA_USAGE = YES_ERROR;
				CLANG_WARN_DOCUMENTATION_COMMENTS = YES;
				CLANG_WARN_EMPTY_BODY = YES;
				CLANG_WARN_ENUM_CONVERSION = YES;
				CLANG_WARN_INFINITE_RECURSION = YES;
				CLANG_WARN_INT_CONVERSION = YES;
				CLANG_WARN_OBJC_ROOT_CLASS = YES_ERROR;
				CLANG_WARN_SUSPICIOUS_MOVE = YES;
				CLANG_WARN_UNREACHABLE_CODE = YES;
				CLANG_WARN__DUPLICATE_METHOD_MATCH = YES;
				"CODE_SIGN_IDENTITY[sdk=iphoneos*]" = "iPhone Developer";
				COPY_PHASE_STRIP = NO;
				DEBUG_INFORMATION_FORMAT = "dwarf-with-dsym";
				ENABLE_NS_ASSERTIONS = NO;
				ENABLE_STRICT_OBJC_MSGSEND = YES;
				GCC_C_LANGUAGE_STANDARD = gnu99;
				GCC_NO_COMMON_BLOCKS = YES;
				GCC_WARN_64_TO_32_BIT_CONVERSION = YES;
				GCC_WARN_ABOUT_RETURN_TYPE = YES_ERROR;
				GCC_WARN_UNDECLARED_SELECTOR = YES;
				GCC_WARN_UNINITIALIZED_AUTOS = YES_AGGRESSIVE;
				GCC_WARN_UNUSED_FUNCTION = YES;
				GCC_WARN_UNUSED_VARIABLE = YES;
				IPHONEOS_DEPLOYMENT_TARGET = 10.3;
				MTL_ENABLE_DEBUG_INFO = NO;
				SDKROOT = iphoneos;
				TARGETED_DEVICE_FAMILY = "1,2";
				VALIDATE_PRODUCT = YES;
			};
			name = Release;
		};
		CD4A3B601EF1E14000B1D7E8 /* Debug */ = {
			isa = XCBuildConfiguration;
			buildSettings = {
				ASSETCATALOG_COMPILER_APPICON_NAME = "iMessage App Icon";
				DEVELOPMENT_TEAM = M569N7RGY6;
				INFOPLIST_FILE = StickerPackExtension/Info.plist;
				PRODUCT_BUNDLE_IDENTIFIER = com.normanlopez.RWPeeps.StickerPackExtension;
				PRODUCT_NAME = "$(TARGET_NAME)";
				SKIP_INSTALL = YES;
			};
			name = Debug;
		};
		CD4A3B611EF1E14000B1D7E8 /* Release */ = {
			isa = XCBuildConfiguration;
			buildSettings = {
				ASSETCATALOG_COMPILER_APPICON_NAME = "iMessage App Icon";
				DEVELOPMENT_TEAM = M569N7RGY6;
				INFOPLIST_FILE = StickerPackExtension/Info.plist;
				PRODUCT_BUNDLE_IDENTIFIER = com.normanlopez.RWPeeps.StickerPackExtension;
				PRODUCT_NAME = "$(TARGET_NAME)";
				SKIP_INSTALL = YES;
			};
			name = Release;
		};
		CD4A3B641EF1E14000B1D7E8 /* Debug */ = {
			isa = XCBuildConfiguration;
			buildSettings = {
				ASSETCATALOG_COMPILER_APPICON_NAME = "iMessage App Icon";
				DEVELOPMENT_TEAM = M569N7RGY6;
				INFOPLIST_FILE = RWPeeps/Info.plist;
				PRODUCT_BUNDLE_IDENTIFIER = com.normanlopez.RWPeeps;
				PRODUCT_NAME = "$(TARGET_NAME)";
			};
			name = Debug;
		};
		CD4A3B651EF1E14000B1D7E8 /* Release */ = {
			isa = XCBuildConfiguration;
			buildSettings = {
				ASSETCATALOG_COMPILER_APPICON_NAME = "iMessage App Icon";
				DEVELOPMENT_TEAM = M569N7RGY6;
				INFOPLIST_FILE = RWPeeps/Info.plist;
				PRODUCT_BUNDLE_IDENTIFIER = com.normanlopez.RWPeeps;
				PRODUCT_NAME = "$(TARGET_NAME)";
			};
			name = Release;
		};
/* End XCBuildConfiguration section */

/* Begin XCConfigurationList section */
		CD4A3B4F1EF1E14000B1D7E8 /* Build configuration list for PBXProject "RWPeeps" */ = {
			isa = XCConfigurationList;
			buildConfigurations = (
				CD4A3B5D1EF1E14000B1D7E8 /* Debug */,
				CD4A3B5E1EF1E14000B1D7E8 /* Release */,
			);
			defaultConfigurationIsVisible = 0;
			defaultConfigurationName = Release;
		};
		CD4A3B5F1EF1E14000B1D7E8 /* Build configuration list for PBXNativeTarget "StickerPackExtension" */ = {
			isa = XCConfigurationList;
			buildConfigurations = (
				CD4A3B601EF1E14000B1D7E8 /* Debug */,
				CD4A3B611EF1E14000B1D7E8 /* Release */,
			);
			defaultConfigurationIsVisible = 0;
		};
		CD4A3B631EF1E14000B1D7E8 /* Build configuration list for PBXNativeTarget "RWPeeps" */ = {
			isa = XCConfigurationList;
			buildConfigurations = (
				CD4A3B641EF1E14000B1D7E8 /* Debug */,
				CD4A3B651EF1E14000B1D7E8 /* Release */,
			);
			defaultConfigurationIsVisible = 0;
		};
/* End XCConfigurationList section */
	};
	rootObject = CD4A3B4C1EF1E14000B1D7E8 /* Project object */;
}
